
Microsoft Visual Studio Solution File, Format Version 12.00
# Visual Studio Version 17
VisualStudioVersion = 17.6.33815.320
MinimumVisualStudioVersion = 10.0.40219.1
Project("{FAE04EC0-301F-11D3-BF4B-00C04F79EFBC}") = "ESCMS", "ESCMS.csproj", "{214A8851-36FD-4C6A-AD5E-F5AB88FD5CE5}"
EndProject
Global
	GlobalSection(SolutionConfigurationPlatforms) = preSolution
		Debug|Any CPU = Debug|Any CPU
		Release|Any CPU = Release|Any CPU
	EndGlobalSection
	GlobalSection(ProjectConfigurationPlatforms) = postSolution
		{214A8851-36FD-4C6A-AD5E-F5AB88FD5CE5}.Debug|Any CPU.ActiveCfg = Debug|Any CPU
		{214A8851-36FD-4C6A-AD5E-F5AB88FD5CE5}.Debug|Any CPU.Build.0 = Debug|Any CPU
		{214A8851-36FD-4C6A-AD5E-F5AB88FD5CE5}.Release|Any CPU.ActiveCfg = Release|Any CPU
		{214A8851-36FD-4C6A-AD5E-F5AB88FD5CE5}.Release|Any CPU.Build.0 = Release|Any CPU
	EndGlobalSection
	GlobalSection(SolutionProperties) = preSolution
		HideSolutionNode = FALSE
	EndGlobalSection
	GlobalSection(ExtensibilityGlobals) = postSolution
		SolutionGuid = {B7F43DB2-371D-4429-9271-E0D960ADD22F}
	EndGlobalSection
EndGlobal
